
Microsoft Visual Studio Solution File, Format Version 12.00
# Visual Studio Version 17
VisualStudioVersion = 17.0.31903.59
MinimumVisualStudioVersion = 10.0.40219.1
Project("{2150E333-8FDC-42A3-9474-1A3956D46DE8}") = "src", "src", "{48D5BAC3-23C1-438B-A552-E98729C1B329}"
EndProject
Project("{FAE04EC0-301F-11D3-BF4B-00C04F79EFBC}") = "SimplePLC.Protocol", "src\SimplePLC.Protocol\SimplePLC.Protocol.csproj", "{1F2209A7-213C-4474-AC2D-F22D1F8EF746}"
EndProject
Project("{2150E333-8FDC-42A3-9474-1A3956D46DE8}") = "tests", "tests", "{20D1DBDB-4C4C-4EAF-9681-4F78AC16A51F}"
EndProject
Project("{FAE04EC0-301F-11D3-BF4B-00C04F79EFBC}") = "SimplePLC.Protocol.Tests", "tests\SimplePLC.Protocol.Tests\SimplePLC.Protocol.Tests.csproj", "{F107DDEF-E784-43F3-9CD4-E830BA9073FA}"
EndProject
Project("{FAE04EC0-301F-11D3-BF4B-00C04F79EFBC}") = "SimplePLC.Studio", "SimplePLC.Studio\SimplePLC.Studio.csproj", "{374A6F49-2516-4B98-8744-5F136E1ABD7C}"
EndProject
Project("{FAE04EC0-301F-11D3-BF4B-00C04F79EFBC}") = "SimplePLC.Studio.Tests", "SimplePLC.Studio.Tests\SimplePLC.Studio.Tests.csproj", "{490EC9CB-8034-4291-893C-D3A9217D4476}"
EndProject
Project("{FAE04EC0-301F-11D3-BF4B-00C04F79EFBC}") = "SimplePLC.Domain", "src\SimplePLC.Domain\SimplePLC.Domain.csproj", "{CF42AECD-5C61-45CC-A5C4-44079F943F6D}"
EndProject
Project("{FAE04EC0-301F-11D3-BF4B-00C04F79EFBC}") = "SimplePLC.Domain.Tests", "tests\SimplePLC.Domain.Tests\SimplePLC.Domain.Tests.csproj", "{9C70A35D-69F6-4E17-AD42-3D3F968C0247}"
EndProject
Project("{FAE04EC0-301F-11D3-BF4B-00C04F79EFBC}") = "SimplePLC.Infrastructure", "src\SimplePLC.Infrastructure\SimplePLC.Infrastructure.csproj", "{016902C5-68B7-4C26-8C6B-682CA35E94C8}"
EndProject
Project("{FAE04EC0-301F-11D3-BF4B-00C04F79EFBC}") = "SimplePLC.Infrastructure.Tests", "tests\SimplePLC.Infrastructure.Tests\SimplePLC.Infrastructure.Tests.csproj", "{D13E5087-119D-4F78-B2A7-DC627445329C}"
EndProject
Project("{FAE04EC0-301F-11D3-BF4B-00C04F79EFBC}") = "SimplePLC.Application", "src\SimplePLC.Application\SimplePLC.Application.csproj", "{B60B9730-355A-4B09-843B-74AC15CEF57B}"
EndProject
Project("{FAE04EC0-301F-11D3-BF4B-00C04F79EFBC}") = "SimplePLC.Application.Tests", "tests\SimplePLC.Application.Tests\SimplePLC.Application.Tests.csproj", "{75A60C27-5032-4664-9998-FB572E39B331}"
EndProject
Project("{2150E333-8FDC-42A3-9474-1A3956D46DE8}") = "benchmarks", "benchmarks", "{19C3F04F-E727-4C13-AC96-70435E41DEF3}"
EndProject
Project("{FAE04EC0-301F-11D3-BF4B-00C04F79EFBC}") = "SimplePLC.Benchmarks", "benchmarks\SimplePLC.Benchmarks\SimplePLC.Benchmarks.csproj", "{B6F3A3AE-0F45-4B34-B605-68940CFAAFF1}"
EndProject
Project("{2150E333-8FDC-42A3-9474-1A3956D46DE8}") = "tools", "tools", "{768F6613-3009-4861-BF3F-91636A8353AB}"
EndProject
Project("{FAE04EC0-301F-11D3-BF4B-00C04F79EFBC}") = "SimplePLC.McuEmulator", "tools\SimplePLC.McuEmulator\SimplePLC.McuEmulator.csproj", "{EF39C750-8596-4214-8669-6858E3EFAC14}"
EndProject
Global
	GlobalSection(SolutionConfigurationPlatforms) = preSolution
		Debug|Any CPU = Debug|Any CPU
		Release|Any CPU = Release|Any CPU
	EndGlobalSection
	GlobalSection(SolutionProperties) = preSolution
		HideSolutionNode = FALSE
	EndGlobalSection
	GlobalSection(ProjectConfigurationPlatforms) = postSolution
		{1F2209A7-213C-4474-AC2D-F22D1F8EF746}.Debug|Any CPU.ActiveCfg = Debug|Any CPU
		{1F2209A7-213C-4474-AC2D-F22D1F8EF746}.Debug|Any CPU.Build.0 = Debug|Any CPU
		{1F2209A7-213C-4474-AC2D-F22D1F8EF746}.Release|Any CPU.ActiveCfg = Release|Any CPU
		{1F2209A7-213C-4474-AC2D-F22D1F8EF746}.Release|Any CPU.Build.0 = Release|Any CPU
		{F107DDEF-E784-43F3-9CD4-E830BA9073FA}.Debug|Any CPU.ActiveCfg = Debug|Any CPU
		{F107DDEF-E784-43F3-9CD4-E830BA9073FA}.Debug|Any CPU.Build.0 = Debug|Any CPU
		{F107DDEF-E784-43F3-9CD4-E830BA9073FA}.Release|Any CPU.ActiveCfg = Release|Any CPU
		{F107DDEF-E784-43F3-9CD4-E830BA9073FA}.Release|Any CPU.Build.0 = Release|Any CPU
		{374A6F49-2516-4B98-8744-5F136E1ABD7C}.Debug|Any CPU.ActiveCfg = Debug|Any CPU
		{374A6F49-2516-4B98-8744-5F136E1ABD7C}.Debug|Any CPU.Build.0 = Debug|Any CPU
		{374A6F49-2516-4B98-8744-5F136E1ABD7C}.Release|Any CPU.ActiveCfg = Release|Any CPU
		{374A6F49-2516-4B98-8744-5F136E1ABD7C}.Release|Any CPU.Build.0 = Release|Any CPU
		{490EC9CB-8034-4291-893C-D3A9217D4476}.Debug|Any CPU.ActiveCfg = Debug|Any CPU
		{490EC9CB-8034-4291-893C-D3A9217D4476}.Debug|Any CPU.Build.0 = Debug|Any CPU
		{490EC9CB-8034-4291-893C-D3A9217D4476}.Release|Any CPU.ActiveCfg = Release|Any CPU
		{490EC9CB-8034-4291-893C-D3A9217D4476}.Release|Any CPU.Build.0 = Release|Any CPU
		{CF42AECD-5C61-45CC-A5C4-44079F943F6D}.Debug|Any CPU.ActiveCfg = Debug|Any CPU
		{CF42AECD-5C61-45CC-A5C4-44079F943F6D}.Debug|Any CPU.Build.0 = Debug|Any CPU
		{CF42AECD-5C61-45CC-A5C4-44079F943F6D}.Release|Any CPU.ActiveCfg = Release|Any CPU
		{CF42AECD-5C61-45CC-A5C4-44079F943F6D}.Release|Any CPU.Build.0 = Release|Any CPU
		{9C70A35D-69F6-4E17-AD42-3D3F968C0247}.Debug|Any CPU.ActiveCfg = Debug|Any CPU
		{9C70A35D-69F6-4E17-AD42-3D3F968C0247}.Debug|Any CPU.Build.0 = Debug|Any CPU
		{9C70A35D-69F6-4E17-AD42-3D3F968C0247}.Release|Any CPU.ActiveCfg = Release|Any CPU
		{9C70A35D-69F6-4E17-AD42-3D3F968C0247}.Release|Any CPU.Build.0 = Release|Any CPU
		{016902C5-68B7-4C26-8C6B-682CA35E94C8}.Debug|Any CPU.ActiveCfg = Debug|Any CPU
		{016902C5-68B7-4C26-8C6B-682CA35E94C8}.Debug|Any CPU.Build.0 = Debug|Any CPU
		{016902C5-68B7-4C26-8C6B-682CA35E94C8}.Release|Any CPU.ActiveCfg = Release|Any CPU
		{016902C5-68B7-4C26-8C6B-682CA35E94C8}.Release|Any CPU.Build.0 = Release|Any CPU
		{D13E5087-119D-4F78-B2A7-DC627445329C}.Debug|Any CPU.ActiveCfg = Debug|Any CPU
		{D13E5087-119D-4F78-B2A7-DC627445329C}.Debug|Any CPU.Build.0 = Debug|Any CPU
		{D13E5087-119D-4F78-B2A7-DC627445329C}.Release|Any CPU.ActiveCfg = Release|Any CPU
		{D13E5087-119D-4F78-B2A7-DC627445329C}.Release|Any CPU.Build.0 = Release|Any CPU
		{B60B9730-355A-4B09-843B-74AC15CEF57B}.Debug|Any CPU.ActiveCfg = Debug|Any CPU
		{B60B9730-355A-4B09-843B-74AC15CEF57B}.Debug|Any CPU.Build.0 = Debug|Any CPU
		{B60B9730-355A-4B09-843B-74AC15CEF57B}.Release|Any CPU.ActiveCfg = Release|Any CPU
		{B60B9730-355A-4B09-843B-74AC15CEF57B}.Release|Any CPU.Build.0 = Release|Any CPU
		{75A60C27-5032-4664-9998-FB572E39B331}.Debug|Any CPU.ActiveCfg = Debug|Any CPU
		{75A60C27-5032-4664-9998-FB572E39B331}.Debug|Any CPU.Build.0 = Debug|Any CPU
		{75A60C27-5032-4664-9998-FB572E39B331}.Release|Any CPU.ActiveCfg = Release|Any CPU
		{75A60C27-5032-4664-9998-FB572E39B331}.Release|Any CPU.Build.0 = Release|Any CPU
		{B6F3A3AE-0F45-4B34-B605-68940CFAAFF1}.Debug|Any CPU.ActiveCfg = Debug|Any CPU
		{B6F3A3AE-0F45-4B34-B605-68940CFAAFF1}.Debug|Any CPU.Build.0 = Debug|Any CPU
		{B6F3A3AE-0F45-4B34-B605-68940CFAAFF1}.Release|Any CPU.ActiveCfg = Release|Any CPU
		{B6F3A3AE-0F45-4B34-B605-68940CFAAFF1}.Release|Any CPU.Build.0 = Release|Any CPU
		{EF39C750-8596-4214-8669-6858E3EFAC14}.Debug|Any CPU.ActiveCfg = Debug|Any CPU
		{EF39C750-8596-4214-8669-6858E3EFAC14}.Debug|Any CPU.Build.0 = Debug|Any CPU
		{EF39C750-8596-4214-8669-6858E3EFAC14}.Release|Any CPU.ActiveCfg = Release|Any CPU
		{EF39C750-8596-4214-8669-6858E3EFAC14}.Release|Any CPU.Build.0 = Release|Any CPU
	EndGlobalSection
	GlobalSection(NestedProjects) = preSolution
		{1F2209A7-213C-4474-AC2D-F22D1F8EF746} = {48D5BAC3-23C1-438B-A552-E98729C1B329}
		{F107DDEF-E784-43F3-9CD4-E830BA9073FA} = {20D1DBDB-4C4C-4EAF-9681-4F78AC16A51F}
		{CF42AECD-5C61-45CC-A5C4-44079F943F6D} = {48D5BAC3-23C1-438B-A552-E98729C1B329}
		{9C70A35D-69F6-4E17-AD42-3D3F968C0247} = {20D1DBDB-4C4C-4EAF-9681-4F78AC16A51F}
		{016902C5-68B7-4C26-8C6B-682CA35E94C8} = {48D5BAC3-23C1-438B-A552-E98729C1B329}
		{D13E5087-119D-4F78-B2A7-DC627445329C} = {20D1DBDB-4C4C-4EAF-9681-4F78AC16A51F}
		{B60B9730-355A-4B09-843B-74AC15CEF57B} = {48D5BAC3-23C1-438B-A552-E98729C1B329}
		{75A60C27-5032-4664-9998-FB572E39B331} = {20D1DBDB-4C4C-4EAF-9681-4F78AC16A51F}
		{B6F3A3AE-0F45-4B34-B605-68940CFAAFF1} = {19C3F04F-E727-4C13-AC96-70435E41DEF3}
		{EF39C750-8596-4214-8669-6858E3EFAC14} = {768F6613-3009-4861-BF3F-91636A8353AB}
	EndGlobalSection
EndGlobal
